
Microsoft Visual Studio Solution File, Format Version 12.00
# Visual Studio 2013
VisualStudioVersion = 12.0.31101.0
MinimumVisualStudioVersion = 10.0.40219.1
Project("{FAE04EC0-301F-11D3-BF4B-00C04F79EFBC}") = "01 Problem - Student class", "01 Problem - Student class\01 Problem - Student class.csproj", "{D5C6E554-4BF7-4E98-8402-C14672CF3FCF}"
EndProject
Project("{FAE04EC0-301F-11D3-BF4B-00C04F79EFBC}") = "04 Problem - Person class", "04 Problem - Person class\04 Problem - Person class.csproj", "{78BA8361-DE71-4CC8-9395-C43544CF78CB}"
EndProject
Project("{FAE04EC0-301F-11D3-BF4B-00C04F79EFBC}") = "05 Problem - 64 Bit array", "05 Problem - 64 Bit array\05 Problem - 64 Bit array.csproj", "{5EF179B5-43D3-428D-84E4-634BB7980525}"
EndProject
Global
	GlobalSection(SolutionConfigurationPlatforms) = preSolution
		Debug|Any CPU = Debug|Any CPU
		Release|Any CPU = Release|Any CPU
	EndGlobalSection
	GlobalSection(ProjectConfigurationPlatforms) = postSolution
		{D5C6E554-4BF7-4E98-8402-C14672CF3FCF}.Debug|Any CPU.ActiveCfg = Debug|Any CPU
		{D5C6E554-4BF7-4E98-8402-C14672CF3FCF}.Debug|Any CPU.Build.0 = Debug|Any CPU
		{D5C6E554-4BF7-4E98-8402-C14672CF3FCF}.Release|Any CPU.ActiveCfg = Release|Any CPU
		{D5C6E554-4BF7-4E98-8402-C14672CF3FCF}.Release|Any CPU.Build.0 = Release|Any CPU
		{78BA8361-DE71-4CC8-9395-C43544CF78CB}.Debug|Any CPU.ActiveCfg = Debug|Any CPU
		{78BA8361-DE71-4CC8-9395-C43544CF78CB}.Debug|Any CPU.Build.0 = Debug|Any CPU
		{78BA8361-DE71-4CC8-9395-C43544CF78CB}.Release|Any CPU.ActiveCfg = Release|Any CPU
		{78BA8361-DE71-4CC8-9395-C43544CF78CB}.Release|Any CPU.Build.0 = Release|Any CPU
		{5EF179B5-43D3-428D-84E4-634BB7980525}.Debug|Any CPU.ActiveCfg = Debug|Any CPU
		{5EF179B5-43D3-428D-84E4-634BB7980525}.Debug|Any CPU.Build.0 = Debug|Any CPU
		{5EF179B5-43D3-428D-84E4-634BB7980525}.Release|Any CPU.ActiveCfg = Release|Any CPU
		{5EF179B5-43D3-428D-84E4-634BB7980525}.Release|Any CPU.Build.0 = Release|Any CPU
	EndGlobalSection
	GlobalSection(SolutionProperties) = preSolution
		HideSolutionNode = FALSE
	EndGlobalSection
EndGlobal
