
Microsoft Visual Studio Solution File, Format Version 12.00
# Visual Studio 2013
VisualStudioVersion = 12.0.31101.0
MinimumVisualStudioVersion = 10.0.40219.1
Project("{FAE04EC0-301F-11D3-BF4B-00C04F79EFBC}") = "01 Problem - RotatedSize", "01 Problem - RotatedSize\01 Problem - RotatedSize.csproj", "{F1C4725C-1A47-49FA-AFC3-F4E4BBC6CDFE}"
EndProject
Project("{FAE04EC0-301F-11D3-BF4B-00C04F79EFBC}") = "02Problem-PrintStatistics", "02Problem-PrintStatistics\02Problem-PrintStatistics.csproj", "{072F5F6E-D72C-44FD-972E-E8775742736B}"
EndProject
Global
	GlobalSection(SolutionConfigurationPlatforms) = preSolution
		Debug|Any CPU = Debug|Any CPU
		Release|Any CPU = Release|Any CPU
	EndGlobalSection
	GlobalSection(ProjectConfigurationPlatforms) = postSolution
		{F1C4725C-1A47-49FA-AFC3-F4E4BBC6CDFE}.Debug|Any CPU.ActiveCfg = Debug|Any CPU
		{F1C4725C-1A47-49FA-AFC3-F4E4BBC6CDFE}.Debug|Any CPU.Build.0 = Debug|Any CPU
		{F1C4725C-1A47-49FA-AFC3-F4E4BBC6CDFE}.Release|Any CPU.ActiveCfg = Release|Any CPU
		{F1C4725C-1A47-49FA-AFC3-F4E4BBC6CDFE}.Release|Any CPU.Build.0 = Release|Any CPU
		{072F5F6E-D72C-44FD-972E-E8775742736B}.Debug|Any CPU.ActiveCfg = Debug|Any CPU
		{072F5F6E-D72C-44FD-972E-E8775742736B}.Debug|Any CPU.Build.0 = Debug|Any CPU
		{072F5F6E-D72C-44FD-972E-E8775742736B}.Release|Any CPU.ActiveCfg = Release|Any CPU
		{072F5F6E-D72C-44FD-972E-E8775742736B}.Release|Any CPU.Build.0 = Release|Any CPU
	EndGlobalSection
	GlobalSection(SolutionProperties) = preSolution
		HideSolutionNode = FALSE
	EndGlobalSection
EndGlobal
